{
  "name": "@darkwolf/numeral.cjs",
  "version": "1.0.2",
  "lockfileVersion": 1,
  "requires": true,
  "dependencies": {
    "@darkwolf/helper.cjs": {
      "version": "1.1.0",
      "resolved": "https://registry.npmjs.org/@darkwolf/helper.cjs/-/helper.cjs-1.1.0.tgz",
      "integrity": "sha512-g5yh8Au2k7mvatq4RrqnidcH83kyGqzSXV7zWXZIh4L9kxCpr5y20WWkJ1dEGQBA406IoUGZbFcwJowr/kGrRw=="
    }
  }
}
