{
  "name": "@darkwolf/numeral.cjs",
  "version": "1.0.2",
  "lockfileVersion": 1,
  "requires": true,
  "dependencies": {
    "@darkwolf/helper.cjs": {
      "version": "1.0.5",
      "resolved": "https://registry.npmjs.org/@darkwolf/helper.cjs/-/helper.cjs-1.0.5.tgz",
      "integrity": "sha512-/qD1ENRmMu+2jNYb32xbRisSCaduNxVB+T6kj7WzuP6d0K9zZDnlKRTHCEJZWf8HLLr7CpyLNJrO55NoTr2MnA=="
    }
  }
}
