{
  "name": "@darkwolf/numeral.cjs",
  "version": "1.0.0",
  "lockfileVersion": 1,
  "requires": true,
  "dependencies": {
    "@darkwolf/helper.cjs": {
      "version": "1.0.4",
      "resolved": "https://registry.npmjs.org/@darkwolf/helper.cjs/-/helper.cjs-1.0.4.tgz",
      "integrity": "sha512-Vmrqb4nFixyzfGAxctFCkEgIKFG4ctZqFI5JhAPmWMI5hQvHHe/A7+fHuwwC+cslZkQcgi5EjyTeV+YHITnxFQ=="
    }
  }
}
